
Microsoft Visual Studio Solution File, Format Version 12.00
# Visual Studio 15
VisualStudioVersion = 15.0.28307.2092
MinimumVisualStudioVersion = 10.0.40219.1
Project("{FAE04EC0-301F-11D3-BF4B-00C04F79EFBC}") = "PlayerControllBPatchLibrary", "PlayerControllBPatchLibrary\PlayerControllBPatchLibrary.csproj", "{F6A6EEB2-7AEB-4BE4-BDB9-1B0BABC7BB24}"
EndProject
Global
	GlobalSection(SolutionConfigurationPlatforms) = preSolution
		Debug|Any CPU = Debug|Any CPU
		Release|Any CPU = Release|Any CPU
	EndGlobalSection
	GlobalSection(ProjectConfigurationPlatforms) = postSolution
		{F6A6EEB2-7AEB-4BE4-BDB9-1B0BABC7BB24}.Debug|Any CPU.ActiveCfg = Debug|Any CPU
		{F6A6EEB2-7AEB-4BE4-BDB9-1B0BABC7BB24}.Debug|Any CPU.Build.0 = Debug|Any CPU
		{F6A6EEB2-7AEB-4BE4-BDB9-1B0BABC7BB24}.Release|Any CPU.ActiveCfg = Release|Any CPU
		{F6A6EEB2-7AEB-4BE4-BDB9-1B0BABC7BB24}.Release|Any CPU.Build.0 = Release|Any CPU
	EndGlobalSection
	GlobalSection(SolutionProperties) = preSolution
		HideSolutionNode = FALSE
	EndGlobalSection
	GlobalSection(ExtensibilityGlobals) = postSolution
		SolutionGuid = {C4D6C013-C3FA-4ED0-80C6-EC64998621B9}
	EndGlobalSection
EndGlobal
